
Microsoft Visual Studio Solution File, Format Version 12.00
# Visual Studio Version 17
VisualStudioVersion = 17.5.33414.496
MinimumVisualStudioVersion = 10.0.40219.1
Project("{9A19103F-16F7-4668-BE54-9A1E7A4F7556}") = "DAL", "DAL\DAL.csproj", "{D8E2702A-A846-471C-A2B3-25CEFCFBF51F}"
EndProject
Project("{9A19103F-16F7-4668-BE54-9A1E7A4F7556}") = "WindowsFormApp", "WIndowsFormApp\WindowsFormApp.csproj", "{CE014E4B-E048-4274-A120-4BADBCC10D30}"
EndProject
Project("{FAE04EC0-301F-11D3-BF4B-00C04F79EFBC}") = "WPFApp", "WPFApp\WPFApp.csproj", "{1CB8A2E3-962D-4E04-9F44-79D6A9F8FEA0}"
EndProject
Global
	GlobalSection(SolutionConfigurationPlatforms) = preSolution
		Debug|Any CPU = Debug|Any CPU
		Release|Any CPU = Release|Any CPU
	EndGlobalSection
	GlobalSection(ProjectConfigurationPlatforms) = postSolution
		{D8E2702A-A846-471C-A2B3-25CEFCFBF51F}.Debug|Any CPU.ActiveCfg = Debug|Any CPU
		{D8E2702A-A846-471C-A2B3-25CEFCFBF51F}.Debug|Any CPU.Build.0 = Debug|Any CPU
		{D8E2702A-A846-471C-A2B3-25CEFCFBF51F}.Release|Any CPU.ActiveCfg = Release|Any CPU
		{D8E2702A-A846-471C-A2B3-25CEFCFBF51F}.Release|Any CPU.Build.0 = Release|Any CPU
		{CE014E4B-E048-4274-A120-4BADBCC10D30}.Debug|Any CPU.ActiveCfg = Debug|Any CPU
		{CE014E4B-E048-4274-A120-4BADBCC10D30}.Debug|Any CPU.Build.0 = Debug|Any CPU
		{CE014E4B-E048-4274-A120-4BADBCC10D30}.Release|Any CPU.ActiveCfg = Release|Any CPU
		{CE014E4B-E048-4274-A120-4BADBCC10D30}.Release|Any CPU.Build.0 = Release|Any CPU
		{1CB8A2E3-962D-4E04-9F44-79D6A9F8FEA0}.Debug|Any CPU.ActiveCfg = Debug|Any CPU
		{1CB8A2E3-962D-4E04-9F44-79D6A9F8FEA0}.Debug|Any CPU.Build.0 = Debug|Any CPU
		{1CB8A2E3-962D-4E04-9F44-79D6A9F8FEA0}.Release|Any CPU.ActiveCfg = Release|Any CPU
		{1CB8A2E3-962D-4E04-9F44-79D6A9F8FEA0}.Release|Any CPU.Build.0 = Release|Any CPU
	EndGlobalSection
	GlobalSection(SolutionProperties) = preSolution
		HideSolutionNode = FALSE
	EndGlobalSection
	GlobalSection(ExtensibilityGlobals) = postSolution
		SolutionGuid = {52285638-A854-4BCD-B8BC-3DD8515763A7}
	EndGlobalSection
EndGlobal
